using Microsoft.VisualBasic;
using System;
using System.Collections.Generic;


namespace lab_1
{
    class Program
    {


        static void Main(string[] args)
        {
            Console.WriteLine("Hej fredrik");
            Console.WriteLine("skriv en string!");

            Console.BackgroundColor = ConsoleColor.Red;
            Console.ForegroundColor = ConsoleColor.Black;


            string input = Console.ReadLine();
            long sum = 0;
            Console.ForegroundColor = ConsoleColor.DarkBlue;
            string[] inputArray = { input };
            int number;
            List<string> lizt = new List<string>();


            for (int i = 0; i < input.Length; i++)
            {
                bool m = Int32.TryParse(input[i].ToString(), out number);
                if (m == true)
                {
                    int p = 1;
                    while (true)
                    {
                        try
                        {

                            int delinput = input[i + p];
                            bool n = Int32.TryParse(input[i + p].ToString(), out number);

                            if (input[i] == delinput)
                            {
                                p++;


                                for (int j = 0; j < input.Length; j++)
                                {
                                    if (j >= i && j < i + p)
                                    {
                                        Console.BackgroundColor = ConsoleColor.Red;
                                        Console.ForegroundColor = ConsoleColor.DarkBlue;

                                        Console.Write(input[j]);
                                        sum += sum + long.Parse(input[j].ToString());


                                    }
                                    else
                                    {
                                        Console.ForegroundColor = ConsoleColor.White;
                                        Console.Write(input[j]);
                                    }

                                }
                                Console.WriteLine();

                                break;
                            }
                            if (n == true)
                            {
                                p++;
                            }
                            else
                            {
                                break;
                            }
                        }
                        catch
                        {
                            break;
                        }

                    }
                }
            }
            Console.WriteLine($"Din summa av alla delstängar är :  {sum}");
            Console.ReadKey();


        }



    }
}
