
Microsoft Visual Studio Solution File, Format Version 12.00
# Visual Studio Version 16
VisualStudioVersion = 16.0.30413.136
MinimumVisualStudioVersion = 10.0.40219.1
Project("{FAE04EC0-301F-11D3-BF4B-00C04F79EFBC}") = "MadeleineLab1", "MadeleineLab1\MadeleineLab1.csproj", "{6C8C4653-07C7-4114-A056-7A6EBA497D51}"
EndProject
Global
	GlobalSection(SolutionConfigurationPlatforms) = preSolution
		Debug|Any CPU = Debug|Any CPU
		Release|Any CPU = Release|Any CPU
	EndGlobalSection
	GlobalSection(ProjectConfigurationPlatforms) = postSolution
		{6C8C4653-07C7-4114-A056-7A6EBA497D51}.Debug|Any CPU.ActiveCfg = Debug|Any CPU
		{6C8C4653-07C7-4114-A056-7A6EBA497D51}.Debug|Any CPU.Build.0 = Debug|Any CPU
		{6C8C4653-07C7-4114-A056-7A6EBA497D51}.Release|Any CPU.ActiveCfg = Release|Any CPU
		{6C8C4653-07C7-4114-A056-7A6EBA497D51}.Release|Any CPU.Build.0 = Release|Any CPU
	EndGlobalSection
	GlobalSection(SolutionProperties) = preSolution
		HideSolutionNode = FALSE
	EndGlobalSection
	GlobalSection(ExtensibilityGlobals) = postSolution
		SolutionGuid = {8F44D59F-6A3F-4B8C-93C5-9840860EA3CC}
	EndGlobalSection
EndGlobal
